Microsoft Visual Studio Solution File, Format Version 12.00
# Visual Studio Version 17
VisualStudioVersion = 17.5.2.0
MinimumVisualStudioVersion = 10.0.40219.1
Project("{FAE04EC0-301F-11D3-BF4B-00C04F79EFBC}") = "BancoSimplificado.Api", "BancoSimplificado.Api.csproj", "{316F6DDA-B0A3-6E2A-1FC0-DC111A7F031D}"
EndProject
Global
	GlobalSection(SolutionConfigurationPlatforms) = preSolution
		Debug|Any CPU = Debug|Any CPU
		Release|Any CPU = Release|Any CPU
	EndGlobalSection
	GlobalSection(ProjectConfigurationPlatforms) = postSolution
		{316F6DDA-B0A3-6E2A-1FC0-DC111A7F031D}.Debug|Any CPU.ActiveCfg = Debug|Any CPU
		{316F6DDA-B0A3-6E2A-1FC0-DC111A7F031D}.Debug|Any CPU.Build.0 = Debug|Any CPU
		{316F6DDA-B0A3-6E2A-1FC0-DC111A7F031D}.Release|Any CPU.ActiveCfg = Release|Any CPU
		{316F6DDA-B0A3-6E2A-1FC0-DC111A7F031D}.Release|Any CPU.Build.0 = Release|Any CPU
	EndGlobalSection
	GlobalSection(SolutionProperties) = preSolution
		HideSolutionNode = FALSE
	EndGlobalSection
	GlobalSection(ExtensibilityGlobals) = postSolution
		SolutionGuid = {11962400-F4E9-45E8-B81B-619029308B27}
	EndGlobalSection
EndGlobal
